
Microsoft Visual Studio Solution File, Format Version 12.00
# Visual Studio 15
VisualStudioVersion = 15.0.26430.14
MinimumVisualStudioVersion = 10.0.40219.1
Project("{FAE04EC0-301F-11D3-BF4B-00C04F79EFBC}") = "TicketReader.Android", "TicketReader\TicketReader.Android\TicketReader.Android.csproj", "{9F8E35FD-C681-4379-8246-486B43929804}"
EndProject
Project("{FAE04EC0-301F-11D3-BF4B-00C04F79EFBC}") = "TicketReader", "TicketReader\TicketReader\TicketReader.csproj", "{B0FD5719-FA33-49E2-B642-733FDE277690}"
EndProject
Project("{FAE04EC0-301F-11D3-BF4B-00C04F79EFBC}") = "TicketReader.iOS", "TicketReader\TicketReader.iOS\TicketReader.iOS.csproj", "{7E540DEF-547D-4935-A309-5181675F79CC}"
EndProject
Global
	GlobalSection(SolutionConfigurationPlatforms) = preSolution
		Ad-Hoc|Any CPU = Ad-Hoc|Any CPU
		Ad-Hoc|iPhone = Ad-Hoc|iPhone
		Ad-Hoc|iPhoneSimulator = Ad-Hoc|iPhoneSimulator
		AppStore|Any CPU = AppStore|Any CPU
		AppStore|iPhone = AppStore|iPhone
		AppStore|iPhoneSimulator = AppStore|iPhoneSimulator
		Debug|Any CPU = Debug|Any CPU
		Debug|iPhone = Debug|iPhone
		Debug|iPhoneSimulator = Debug|iPhoneSimulator
		Release|Any CPU = Release|Any CPU
		Release|iPhone = Release|iPhone
		Release|iPhoneSimulator = Release|iPhoneSimulator
	EndGlobalSection
	GlobalSection(ProjectConfigurationPlatforms) = postSolution
		{9F8E35FD-C681-4379-8246-486B43929804}.Ad-Hoc|Any CPU.ActiveCfg = Release|Any CPU
		{9F8E35FD-C681-4379-8246-486B43929804}.Ad-Hoc|Any CPU.Build.0 = Release|Any CPU
		{9F8E35FD-C681-4379-8246-486B43929804}.Ad-Hoc|Any CPU.Deploy.0 = Release|Any CPU
		{9F8E35FD-C681-4379-8246-486B43929804}.Ad-Hoc|iPhone.ActiveCfg = Release|Any CPU
		{9F8E35FD-C681-4379-8246-486B43929804}.Ad-Hoc|iPhone.Build.0 = Release|Any CPU
		{9F8E35FD-C681-4379-8246-486B43929804}.Ad-Hoc|iPhone.Deploy.0 = Release|Any CPU
		{9F8E35FD-C681-4379-8246-486B43929804}.Ad-Hoc|iPhoneSimulator.ActiveCfg = Release|Any CPU
		{9F8E35FD-C681-4379-8246-486B43929804}.Ad-Hoc|iPhoneSimulator.Build.0 = Release|Any CPU
		{9F8E35FD-C681-4379-8246-486B43929804}.Ad-Hoc|iPhoneSimulator.Deploy.0 = Release|Any CPU
		{9F8E35FD-C681-4379-8246-486B43929804}.AppStore|Any CPU.ActiveCfg = Release|Any CPU
		{9F8E35FD-C681-4379-8246-486B43929804}.AppStore|Any CPU.Build.0 = Release|Any CPU
		{9F8E35FD-C681-4379-8246-486B43929804}.AppStore|Any CPU.Deploy.0 = Release|Any CPU
		{9F8E35FD-C681-4379-8246-486B43929804}.AppStore|iPhone.ActiveCfg = Release|Any CPU
		{9F8E35FD-C681-4379-8246-486B43929804}.AppStore|iPhone.Build.0 = Release|Any CPU
		{9F8E35FD-C681-4379-8246-486B43929804}.AppStore|iPhone.Deploy.0 = Release|Any CPU
		{9F8E35FD-C681-4379-8246-486B43929804}.AppStore|iPhoneSimulator.ActiveCfg = Release|Any CPU
		{9F8E35FD-C681-4379-8246-486B43929804}.AppStore|iPhoneSimulator.Build.0 = Release|Any CPU
		{9F8E35FD-C681-4379-8246-486B43929804}.AppStore|iPhoneSimulator.Deploy.0 = Release|Any CPU
		{9F8E35FD-C681-4379-8246-486B43929804}.Debug|Any CPU.ActiveCfg = Debug|Any CPU
		{9F8E35FD-C681-4379-8246-486B43929804}.Debug|Any CPU.Build.0 = Debug|Any CPU
		{9F8E35FD-C681-4379-8246-486B43929804}.Debug|Any CPU.Deploy.0 = Debug|Any CPU
		{9F8E35FD-C681-4379-8246-486B43929804}.Debug|iPhone.ActiveCfg = Debug|Any CPU
		{9F8E35FD-C681-4379-8246-486B43929804}.Debug|iPhone.Build.0 = Debug|Any CPU
		{9F8E35FD-C681-4379-8246-486B43929804}.Debug|iPhone.Deploy.0 = Debug|Any CPU
		{9F8E35FD-C681-4379-8246-486B43929804}.Debug|iPhoneSimulator.ActiveCfg = Debug|Any CPU
		{9F8E35FD-C681-4379-8246-486B43929804}.Debug|iPhoneSimulator.Build.0 = Debug|Any CPU
		{9F8E35FD-C681-4379-8246-486B43929804}.Debug|iPhoneSimulator.Deploy.0 = Debug|Any CPU
		{9F8E35FD-C681-4379-8246-486B43929804}.Release|Any CPU.ActiveCfg = Release|Any CPU
		{9F8E35FD-C681-4379-8246-486B43929804}.Release|Any CPU.Build.0 = Release|Any CPU
		{9F8E35FD-C681-4379-8246-486B43929804}.Release|Any CPU.Deploy.0 = Release|Any CPU
		{9F8E35FD-C681-4379-8246-486B43929804}.Release|iPhone.ActiveCfg = Release|Any CPU
		{9F8E35FD-C681-4379-8246-486B43929804}.Release|iPhone.Build.0 = Release|Any CPU
		{9F8E35FD-C681-4379-8246-486B43929804}.Release|iPhone.Deploy.0 = Release|Any CPU
		{9F8E35FD-C681-4379-8246-486B43929804}.Release|iPhoneSimulator.ActiveCfg = Release|Any CPU
		{9F8E35FD-C681-4379-8246-486B43929804}.Release|iPhoneSimulator.Build.0 = Release|Any CPU
		{9F8E35FD-C681-4379-8246-486B43929804}.Release|iPhoneSimulator.Deploy.0 = Release|Any CPU
		{B0FD5719-FA33-49E2-B642-733FDE277690}.Ad-Hoc|Any CPU.ActiveCfg = Release|Any CPU
		{B0FD5719-FA33-49E2-B642-733FDE277690}.Ad-Hoc|Any CPU.Build.0 = Release|Any CPU
		{B0FD5719-FA33-49E2-B642-733FDE277690}.Ad-Hoc|iPhone.ActiveCfg = Release|Any CPU
		{B0FD5719-FA33-49E2-B642-733FDE277690}.Ad-Hoc|iPhone.Build.0 = Release|Any CPU
		{B0FD5719-FA33-49E2-B642-733FDE277690}.Ad-Hoc|iPhoneSimulator.ActiveCfg = Release|Any CPU
		{B0FD5719-FA33-49E2-B642-733FDE277690}.Ad-Hoc|iPhoneSimulator.Build.0 = Release|Any CPU
		{B0FD5719-FA33-49E2-B642-733FDE277690}.AppStore|Any CPU.ActiveCfg = Release|Any CPU
		{B0FD5719-FA33-49E2-B642-733FDE277690}.AppStore|Any CPU.Build.0 = Release|Any CPU
		{B0FD5719-FA33-49E2-B642-733FDE277690}.AppStore|iPhone.ActiveCfg = Release|Any CPU
		{B0FD5719-FA33-49E2-B642-733FDE277690}.AppStore|iPhone.Build.0 = Release|Any CPU
		{B0FD5719-FA33-49E2-B642-733FDE277690}.AppStore|iPhoneSimulator.ActiveCfg = Release|Any CPU
		{B0FD5719-FA33-49E2-B642-733FDE277690}.AppStore|iPhoneSimulator.Build.0 = Release|Any CPU
		{B0FD5719-FA33-49E2-B642-733FDE277690}.Debug|Any CPU.ActiveCfg = Debug|Any CPU
		{B0FD5719-FA33-49E2-B642-733FDE277690}.Debug|Any CPU.Build.0 = Debug|Any CPU
		{B0FD5719-FA33-49E2-B642-733FDE277690}.Debug|iPhone.ActiveCfg = Debug|Any CPU
		{B0FD5719-FA33-49E2-B642-733FDE277690}.Debug|iPhone.Build.0 = Debug|Any CPU
		{B0FD5719-FA33-49E2-B642-733FDE277690}.Debug|iPhoneSimulator.ActiveCfg = Debug|Any CPU
		{B0FD5719-FA33-49E2-B642-733FDE277690}.Debug|iPhoneSimulator.Build.0 = Debug|Any CPU
		{B0FD5719-FA33-49E2-B642-733FDE277690}.Release|Any CPU.ActiveCfg = Release|Any CPU
		{B0FD5719-FA33-49E2-B642-733FDE277690}.Release|Any CPU.Build.0 = Release|Any CPU
		{B0FD5719-FA33-49E2-B642-733FDE277690}.Release|iPhone.ActiveCfg = Release|Any CPU
		{B0FD5719-FA33-49E2-B642-733FDE277690}.Release|iPhone.Build.0 = Release|Any CPU
		{B0FD5719-FA33-49E2-B642-733FDE277690}.Release|iPhoneSimulator.ActiveCfg = Release|Any CPU
		{B0FD5719-FA33-49E2-B642-733FDE277690}.Release|iPhoneSimulator.Build.0 = Release|Any CPU
		{7E540DEF-547D-4935-A309-5181675F79CC}.Ad-Hoc|Any CPU.ActiveCfg = Ad-Hoc|iPhone
		{7E540DEF-547D-4935-A309-5181675F79CC}.Ad-Hoc|iPhone.ActiveCfg = Ad-Hoc|iPhone
		{7E540DEF-547D-4935-A309-5181675F79CC}.Ad-Hoc|iPhone.Build.0 = Ad-Hoc|iPhone
		{7E540DEF-547D-4935-A309-5181675F79CC}.Ad-Hoc|iPhoneSimulator.ActiveCfg = Ad-Hoc|iPhoneSimulator
		{7E540DEF-547D-4935-A309-5181675F79CC}.Ad-Hoc|iPhoneSimulator.Build.0 = Ad-Hoc|iPhoneSimulator
		{7E540DEF-547D-4935-A309-5181675F79CC}.AppStore|Any CPU.ActiveCfg = AppStore|iPhone
		{7E540DEF-547D-4935-A309-5181675F79CC}.AppStore|iPhone.ActiveCfg = AppStore|iPhone
		{7E540DEF-547D-4935-A309-5181675F79CC}.AppStore|iPhone.Build.0 = AppStore|iPhone
		{7E540DEF-547D-4935-A309-5181675F79CC}.AppStore|iPhoneSimulator.ActiveCfg = AppStore|iPhoneSimulator
		{7E540DEF-547D-4935-A309-5181675F79CC}.AppStore|iPhoneSimulator.Build.0 = AppStore|iPhoneSimulator
		{7E540DEF-547D-4935-A309-5181675F79CC}.Debug|Any CPU.ActiveCfg = Debug|iPhone
		{7E540DEF-547D-4935-A309-5181675F79CC}.Debug|iPhone.ActiveCfg = Debug|iPhone
		{7E540DEF-547D-4935-A309-5181675F79CC}.Debug|iPhone.Build.0 = Debug|iPhone
		{7E540DEF-547D-4935-A309-5181675F79CC}.Debug|iPhoneSimulator.ActiveCfg = Debug|iPhoneSimulator
		{7E540DEF-547D-4935-A309-5181675F79CC}.Debug|iPhoneSimulator.Build.0 = Debug|iPhoneSimulator
		{7E540DEF-547D-4935-A309-5181675F79CC}.Release|Any CPU.ActiveCfg = Release|iPhone
		{7E540DEF-547D-4935-A309-5181675F79CC}.Release|iPhone.ActiveCfg = Release|iPhone
		{7E540DEF-547D-4935-A309-5181675F79CC}.Release|iPhone.Build.0 = Release|iPhone
		{7E540DEF-547D-4935-A309-5181675F79CC}.Release|iPhoneSimulator.ActiveCfg = Release|iPhoneSimulator
		{7E540DEF-547D-4935-A309-5181675F79CC}.Release|iPhoneSimulator.Build.0 = Release|iPhoneSimulator
	EndGlobalSection
	GlobalSection(SolutionProperties) = preSolution
		HideSolutionNode = FALSE
	EndGlobalSection
EndGlobal
